
Microsoft Visual Studio Solution File, Format Version 12.00
# Visual Studio 2013
VisualStudioVersion = 12.0.21005.1
MinimumVisualStudioVersion = 10.0.40219.1
Project("{FAE04EC0-301F-11D3-BF4B-00C04F79EFBC}") = "WPF_TicTacToe", "WPF_TicTacToe\WPF_TicTacToe.csproj", "{2DE321A2-A8E3-48D6-86F6-17C5E4AD0611}"
EndProject
Project("{FAE04EC0-301F-11D3-BF4B-00C04F79EFBC}") = "CL_TicTacToe", "CL_TicTacToe\CL_TicTacToe.csproj", "{356405E8-BB9B-4CCE-A513-B609CF9B35A2}"
EndProject
Global
	GlobalSection(SolutionConfigurationPlatforms) = preSolution
		Debug|Any CPU = Debug|Any CPU
		Release|Any CPU = Release|Any CPU
	EndGlobalSection
	GlobalSection(ProjectConfigurationPlatforms) = postSolution
		{2DE321A2-A8E3-48D6-86F6-17C5E4AD0611}.Debug|Any CPU.ActiveCfg = Debug|Any CPU
		{2DE321A2-A8E3-48D6-86F6-17C5E4AD0611}.Debug|Any CPU.Build.0 = Debug|Any CPU
		{2DE321A2-A8E3-48D6-86F6-17C5E4AD0611}.Release|Any CPU.ActiveCfg = Release|Any CPU
		{2DE321A2-A8E3-48D6-86F6-17C5E4AD0611}.Release|Any CPU.Build.0 = Release|Any CPU
		{356405E8-BB9B-4CCE-A513-B609CF9B35A2}.Debug|Any CPU.ActiveCfg = Debug|Any CPU
		{356405E8-BB9B-4CCE-A513-B609CF9B35A2}.Debug|Any CPU.Build.0 = Debug|Any CPU
		{356405E8-BB9B-4CCE-A513-B609CF9B35A2}.Release|Any CPU.ActiveCfg = Release|Any CPU
		{356405E8-BB9B-4CCE-A513-B609CF9B35A2}.Release|Any CPU.Build.0 = Release|Any CPU
	EndGlobalSection
	GlobalSection(SolutionProperties) = preSolution
		HideSolutionNode = FALSE
	EndGlobalSection
EndGlobal
